
Microsoft Visual Studio Solution File, Format Version 12.00
# Visual Studio Version 17
VisualStudioVersion = 17.10.35027.167
MinimumVisualStudioVersion = 10.0.40219.1
Project("{FAE04EC0-301F-11D3-BF4B-00C04F79EFBC}") = "ShortLink.Client", "ShortLink.Client\ShortLink.Client.csproj", "{6EEC693C-2306-40F9-A666-691CFEC4DF0B}"
EndProject
Project("{FAE04EC0-301F-11D3-BF4B-00C04F79EFBC}") = "ShortLink.Redirect", "ShortLink.Redirect\ShortLink.Redirect.csproj", "{460B67DC-4226-4226-8DD6-8C435B682B79}"
EndProject
Project("{FAE04EC0-301F-11D3-BF4B-00C04F79EFBC}") = "ShortLink.Data", "ShortLink.Data\ShortLink.Data.csproj", "{A2E06908-A695-4D4F-A462-B98599A3EACD}"
EndProject
Global
	GlobalSection(SolutionConfigurationPlatforms) = preSolution
		Debug|Any CPU = Debug|Any CPU
		Release|Any CPU = Release|Any CPU
	EndGlobalSection
	GlobalSection(ProjectConfigurationPlatforms) = postSolution
		{6EEC693C-2306-40F9-A666-691CFEC4DF0B}.Debug|Any CPU.ActiveCfg = Debug|Any CPU
		{6EEC693C-2306-40F9-A666-691CFEC4DF0B}.Debug|Any CPU.Build.0 = Debug|Any CPU
		{6EEC693C-2306-40F9-A666-691CFEC4DF0B}.Release|Any CPU.ActiveCfg = Release|Any CPU
		{6EEC693C-2306-40F9-A666-691CFEC4DF0B}.Release|Any CPU.Build.0 = Release|Any CPU
		{460B67DC-4226-4226-8DD6-8C435B682B79}.Debug|Any CPU.ActiveCfg = Debug|Any CPU
		{460B67DC-4226-4226-8DD6-8C435B682B79}.Debug|Any CPU.Build.0 = Debug|Any CPU
		{460B67DC-4226-4226-8DD6-8C435B682B79}.Release|Any CPU.ActiveCfg = Release|Any CPU
		{460B67DC-4226-4226-8DD6-8C435B682B79}.Release|Any CPU.Build.0 = Release|Any CPU
		{A2E06908-A695-4D4F-A462-B98599A3EACD}.Debug|Any CPU.ActiveCfg = Debug|Any CPU
		{A2E06908-A695-4D4F-A462-B98599A3EACD}.Debug|Any CPU.Build.0 = Debug|Any CPU
		{A2E06908-A695-4D4F-A462-B98599A3EACD}.Release|Any CPU.ActiveCfg = Release|Any CPU
		{A2E06908-A695-4D4F-A462-B98599A3EACD}.Release|Any CPU.Build.0 = Release|Any CPU
	EndGlobalSection
	GlobalSection(SolutionProperties) = preSolution
		HideSolutionNode = FALSE
	EndGlobalSection
	GlobalSection(ExtensibilityGlobals) = postSolution
		SolutionGuid = {7CF6F68C-1A18-4459-A9F6-F63B95BF3346}
	EndGlobalSection
EndGlobal
